
Microsoft Visual Studio Solution File, Format Version 12.00
# Visual Studio Version 17
VisualStudioVersion = 17.9.34728.123
MinimumVisualStudioVersion = 10.0.40219.1
Project("{FAE04EC0-301F-11D3-BF4B-00C04F79EFBC}") = "Lab04", "Lab04\Lab04.csproj", "{62E5FB41-BCD1-49ED-B513-995F15EC30DA}"
EndProject
Global
	GlobalSection(SolutionConfigurationPlatforms) = preSolution
		Debug|Any CPU = Debug|Any CPU
		Release|Any CPU = Release|Any CPU
	EndGlobalSection
	GlobalSection(ProjectConfigurationPlatforms) = postSolution
		{62E5FB41-BCD1-49ED-B513-995F15EC30DA}.Debug|Any CPU.ActiveCfg = Debug|Any CPU
		{62E5FB41-BCD1-49ED-B513-995F15EC30DA}.Debug|Any CPU.Build.0 = Debug|Any CPU
		{62E5FB41-BCD1-49ED-B513-995F15EC30DA}.Release|Any CPU.ActiveCfg = Release|Any CPU
		{62E5FB41-BCD1-49ED-B513-995F15EC30DA}.Release|Any CPU.Build.0 = Release|Any CPU
	EndGlobalSection
	GlobalSection(SolutionProperties) = preSolution
		HideSolutionNode = FALSE
	EndGlobalSection
	GlobalSection(ExtensibilityGlobals) = postSolution
		SolutionGuid = {9CA38704-5693-400D-9771-DCDABE984B58}
	EndGlobalSection
EndGlobal
